lockfileVersion: '9.0'

settings:
  autoInstallPeers: true
  excludeLinksFromLockfile: false

importers:

  .:
    dependencies:
      '@cdktf/provider-project':
        specifier: ^0.3.1
        version: 0.3.1(projen@0.75.4)

packages:

  '@cdktf/provider-project@0.3.1':
    resolution: {integrity: sha512-/qIBcolV6JZbqwQZpEPlMPzQ7epL5MAWL3vaZcY6MOA10chHHWvHeEFk7zDL73jnXoUbpsBa/mCbCYkN5v4VdA==}
    engines: {node: '>= 18.12.0'}
    peerDependencies:
      projen: ^0.75.0
    bundledDependencies:
      - change-case
      - fs-extra

  projen@0.75.4:
    resolution: {integrity: sha512-1B5U77bn4ydO6mmGvM+ZsC6goyY2rYPFbOX9xP0HOnh5/634Tu/YRFESvmvM4rXTGBTtQL701tx4eRo2LLWOUA==}
    engines: {node: '>= 16.0.0'}
    hasBin: true
    bundledDependencies:
      - '@iarna/toml'
      - case
      - chalk
      - comment-json
      - conventional-changelog-config-spec
      - fast-json-patch
      - glob
      - ini
      - semver
      - shx
      - xmlbuilder2
      - yaml
      - yargs

snapshots:

  '@cdktf/provider-project@0.3.1(projen@0.75.4)':
    dependencies:
      projen: 0.75.4

  projen@0.75.4: {}
